Microsoft Visual Studio Solution File, Format Version 12.00
# Visual Studio Version 17
VisualStudioVersion = 17.5.2.0
MinimumVisualStudioVersion = 10.0.40219.1
Project("{FAE04EC0-301F-11D3-BF4B-00C04F79EFBC}") = "miniproject3", "miniproject3.csproj", "{2FEC3386-D635-5528-CF18-2E1E47018661}"
EndProject
Global
	GlobalSection(SolutionConfigurationPlatforms) = preSolution
		Debug|Any CPU = Debug|Any CPU
		Release|Any CPU = Release|Any CPU
	EndGlobalSection
	GlobalSection(ProjectConfigurationPlatforms) = postSolution
		{2FEC3386-D635-5528-CF18-2E1E47018661}.Debug|Any CPU.ActiveCfg = Debug|Any CPU
		{2FEC3386-D635-5528-CF18-2E1E47018661}.Debug|Any CPU.Build.0 = Debug|Any CPU
		{2FEC3386-D635-5528-CF18-2E1E47018661}.Release|Any CPU.ActiveCfg = Release|Any CPU
		{2FEC3386-D635-5528-CF18-2E1E47018661}.Release|Any CPU.Build.0 = Release|Any CPU
	EndGlobalSection
	GlobalSection(SolutionProperties) = preSolution
		HideSolutionNode = FALSE
	EndGlobalSection
	GlobalSection(ExtensibilityGlobals) = postSolution
		SolutionGuid = {25276CE1-DA6E-4D9E-AF41-F50B5D109A73}
	EndGlobalSection
EndGlobal
