Microsoft Visual Studio Solution File, Format Version 12.00
# Visual Studio Version 17
VisualStudioVersion = 17.5.2.0
MinimumVisualStudioVersion = 10.0.40219.1
Project("{FAE04EC0-301F-11D3-BF4B-00C04F79EFBC}") = "cepatKirim", "cepatKirim.csproj", "{58D72A41-49C7-6418-B3D0-9F68BCF5FBA0}"
EndProject
Global
	GlobalSection(SolutionConfigurationPlatforms) = preSolution
		Debug|Any CPU = Debug|Any CPU
		Release|Any CPU = Release|Any CPU
	EndGlobalSection
	GlobalSection(ProjectConfigurationPlatforms) = postSolution
		{58D72A41-49C7-6418-B3D0-9F68BCF5FBA0}.Debug|Any CPU.ActiveCfg = Debug|Any CPU
		{58D72A41-49C7-6418-B3D0-9F68BCF5FBA0}.Debug|Any CPU.Build.0 = Debug|Any CPU
		{58D72A41-49C7-6418-B3D0-9F68BCF5FBA0}.Release|Any CPU.ActiveCfg = Release|Any CPU
		{58D72A41-49C7-6418-B3D0-9F68BCF5FBA0}.Release|Any CPU.Build.0 = Release|Any CPU
	EndGlobalSection
	GlobalSection(SolutionProperties) = preSolution
		HideSolutionNode = FALSE
	EndGlobalSection
	GlobalSection(ExtensibilityGlobals) = postSolution
		SolutionGuid = {29C59FF9-3828-4F65-ADBE-894455AA521A}
	EndGlobalSection
EndGlobal
